
Microsoft Visual Studio Solution File, Format Version 12.00
# Visual Studio Version 16
VisualStudioVersion = 16.0.810.21
MinimumVisualStudioVersion = 10.0.40219.1
Project("{FAE04EC0-301F-11D3-BF4B-00C04F79EFBC}") = "TigerTix19.Web", "TigerTix19.Web\TigerTix19.Web.csproj", "{FE3A2022-DB98-498D-882D-F94F3BD07176}"
EndProject
Global
	GlobalSection(SolutionConfigurationPlatforms) = preSolution
		Debug|Any CPU = Debug|Any CPU
		Release|Any CPU = Release|Any CPU
	EndGlobalSection
	GlobalSection(ProjectConfigurationPlatforms) = postSolution
		{FE3A2022-DB98-498D-882D-F94F3BD07176}.Debug|Any CPU.ActiveCfg = Debug|Any CPU
		{FE3A2022-DB98-498D-882D-F94F3BD07176}.Debug|Any CPU.Build.0 = Debug|Any CPU
		{FE3A2022-DB98-498D-882D-F94F3BD07176}.Release|Any CPU.ActiveCfg = Release|Any CPU
		{FE3A2022-DB98-498D-882D-F94F3BD07176}.Release|Any CPU.Build.0 = Release|Any CPU
	EndGlobalSection
	GlobalSection(SolutionProperties) = preSolution
		HideSolutionNode = FALSE
	EndGlobalSection
	GlobalSection(ExtensibilityGlobals) = postSolution
		SolutionGuid = {7E04D8C2-1646-480A-AE9D-E3398A31AA66}
	EndGlobalSection
EndGlobal
